{
  "name": "hieu37",
  "version": "1.0.2",
  "lockfileVersion": 3,
  "requires": true,
  "packages": {
    "": {
      "name": "hieu37",
      "version": "1.0.2",
      "license": "ISC",
      "dependencies": {
        "hieu37": "^1.0.0"
      }
    },
    "node_modules/hieu37": {
      "version": "1.0.0",
      "resolved": "https://registry.npmjs.org/hieu37/-/hieu37-1.0.0.tgz",
      "integrity": "sha512-vlHk2kPJzG2FdbPK1uTfoNIN3Zu4rEREY3YPWHbanauLKM8LkylzYuZ3JuDTO7azZx9NbIIUhvbU/qVBH0lqEg=="
    }
  }
}
